{
  "requires": true,
  "lockfileVersion": 1,
  "dependencies": {
    "@types/apicache": {
      "version": "1.6.1",
      "resolved": "https://registry.npmjs.org/@types/apicache/-/apicache-1.6.1.tgz",
      "integrity": "sha512-vNUh8lponMjIOPGVp04xf9avb5lJTR6qSW3IS3ROmugMFLvNXwI3nPC1JnnoA6zyEC7HHqW0LGfuLSue32C9dQ==",
      "requires": {
        "@types/redis": "^2.8.0"
      }
    },
    "@types/node": {
      "version": "17.0.35",
      "resolved": "https://registry.npmjs.org/@types/node/-/node-17.0.35.tgz",
      "integrity": "sha512-vu1SrqBjbbZ3J6vwY17jBs8Sr/BKA+/a/WtjRG+whKg1iuLFOosq872EXS0eXWILdO36DHQQeku/ZcL6hz2fpg=="
    },
    "@types/redis": {
      "version": "2.8.32",
      "resolved": "https://registry.npmjs.org/@types/redis/-/redis-2.8.32.tgz",
      "integrity": "sha512-7jkMKxcGq9p242exlbsVzuJb57KqHRhNl4dHoQu2Y5v9bCAbtIXXH0R3HleSQW4CTOqpHIYUW3t6tpUj4BVQ+w==",
      "requires": {
        "@types/node": "*"
      }
    },
    "apicache": {
      "version": "1.6.3",
      "resolved": "https://registry.npmjs.org/apicache/-/apicache-1.6.3.tgz",
      "integrity": "sha512-jS3VfUFpQ9BesFQZcdd1vVYg3ZsO2kGPmTJHqycIYPAQs54r74CRiyj8DuzJpwzLwIfCBYzh4dy9Jt8xYbo27w=="
    }
  }
}
